
Microsoft Visual Studio Solution File, Format Version 12.00
# Visual Studio Version 17
VisualStudioVersion = 17.14.36804.6 d17.14
MinimumVisualStudioVersion = 10.0.40219.1
Project("{FAE04EC0-301F-11D3-BF4B-00C04F79EFBC}") = "MasterApplication", "MasterApplication.csproj", "{BFFC9F2F-6272-4AD8-A3CA-5A2B36E4F8C2}"
EndProject
Global
	GlobalSection(SolutionConfigurationPlatforms) = preSolution
		Debug|Any CPU = Debug|Any CPU
		Release|Any CPU = Release|Any CPU
	EndGlobalSection
	GlobalSection(ProjectConfigurationPlatforms) = postSolution
		{BFFC9F2F-6272-4AD8-A3CA-5A2B36E4F8C2}.Debug|Any CPU.ActiveCfg = Debug|Any CPU
		{BFFC9F2F-6272-4AD8-A3CA-5A2B36E4F8C2}.Debug|Any CPU.Build.0 = Debug|Any CPU
		{BFFC9F2F-6272-4AD8-A3CA-5A2B36E4F8C2}.Release|Any CPU.ActiveCfg = Release|Any CPU
		{BFFC9F2F-6272-4AD8-A3CA-5A2B36E4F8C2}.Release|Any CPU.Build.0 = Release|Any CPU
	EndGlobalSection
	GlobalSection(SolutionProperties) = preSolution
		HideSolutionNode = FALSE
	EndGlobalSection
	GlobalSection(ExtensibilityGlobals) = postSolution
		SolutionGuid = {F3E2D64A-DA19-4597-9E8C-950DE3E1116B}
	EndGlobalSection
EndGlobal
